
Microsoft Visual Studio Solution File, Format Version 12.00
# Visual Studio Version 17
VisualStudioVersion = 17.0.31903.59
MinimumVisualStudioVersion = 10.0.40219.1
Project("{2150E333-8FDC-42A3-9474-1A3956D46DE8}") = "src", "src", "{827E0CD3-B72D-47B6-A68D-7590B98EB39B}"
EndProject
Project("{FAE04EC0-301F-11D3-BF4B-00C04F79EFBC}") = "app", "src\app\app.csproj", "{B1F01D1C-0B80-49C9-8A62-3CA3E92BFE04}"
EndProject
Project("{FAE04EC0-301F-11D3-BF4B-00C04F79EFBC}") = "lib", "src\lib\lib.csproj", "{31A74DA8-9557-45F9-8119-8AE3FED696E5}"
EndProject
Project("{2150E333-8FDC-42A3-9474-1A3956D46DE8}") = "tests", "tests", "{0AB3BF05-4346-4AA6-1389-037BE0695223}"
EndProject
Project("{2150E333-8FDC-42A3-9474-1A3956D46DE8}") = "lib", "lib", "{26D9E760-CA24-5A1F-2ED1-7AA8A4546E6C}"
EndProject
Project("{FAE04EC0-301F-11D3-BF4B-00C04F79EFBC}") = "tests.lib", "tests\lib\tests.lib.csproj", "{75EC6C85-972E-4B88-90A1-12DFC951559A}"
EndProject
Project("{2150E333-8FDC-42A3-9474-1A3956D46DE8}") = "app", "app", "{F7B15532-B07F-DFC7-3580-AF42E208F3C5}"
EndProject
Project("{2150E333-8FDC-42A3-9474-1A3956D46DE8}") = "integration", "integration", "{981A5EF3-13C1-16D1-DFDF-0499FE05E454}"
EndProject
Project("{FAE04EC0-301F-11D3-BF4B-00C04F79EFBC}") = "test.integration", "tests\app\integration\test.integration.csproj", "{8BE0CCF8-3A94-4257-AAA3-B71B70068FF1}"
EndProject
Global
	GlobalSection(SolutionConfigurationPlatforms) = preSolution
		Debug|Any CPU = Debug|Any CPU
		Debug|x64 = Debug|x64
		Debug|x86 = Debug|x86
		Release|Any CPU = Release|Any CPU
		Release|x64 = Release|x64
		Release|x86 = Release|x86
	EndGlobalSection
	GlobalSection(ProjectConfigurationPlatforms) = postSolution
		{B1F01D1C-0B80-49C9-8A62-3CA3E92BFE04}.Debug|Any CPU.ActiveCfg = Debug|Any CPU
		{B1F01D1C-0B80-49C9-8A62-3CA3E92BFE04}.Debug|Any CPU.Build.0 = Debug|Any CPU
		{B1F01D1C-0B80-49C9-8A62-3CA3E92BFE04}.Debug|x64.ActiveCfg = Debug|Any CPU
		{B1F01D1C-0B80-49C9-8A62-3CA3E92BFE04}.Debug|x64.Build.0 = Debug|Any CPU
		{B1F01D1C-0B80-49C9-8A62-3CA3E92BFE04}.Debug|x86.ActiveCfg = Debug|Any CPU
		{B1F01D1C-0B80-49C9-8A62-3CA3E92BFE04}.Debug|x86.Build.0 = Debug|Any CPU
		{B1F01D1C-0B80-49C9-8A62-3CA3E92BFE04}.Release|Any CPU.ActiveCfg = Release|Any CPU
		{B1F01D1C-0B80-49C9-8A62-3CA3E92BFE04}.Release|Any CPU.Build.0 = Release|Any CPU
		{B1F01D1C-0B80-49C9-8A62-3CA3E92BFE04}.Release|x64.ActiveCfg = Release|Any CPU
		{B1F01D1C-0B80-49C9-8A62-3CA3E92BFE04}.Release|x64.Build.0 = Release|Any CPU
		{B1F01D1C-0B80-49C9-8A62-3CA3E92BFE04}.Release|x86.ActiveCfg = Release|Any CPU
		{B1F01D1C-0B80-49C9-8A62-3CA3E92BFE04}.Release|x86.Build.0 = Release|Any CPU
		{31A74DA8-9557-45F9-8119-8AE3FED696E5}.Debug|Any CPU.ActiveCfg = Debug|Any CPU
		{31A74DA8-9557-45F9-8119-8AE3FED696E5}.Debug|Any CPU.Build.0 = Debug|Any CPU
		{31A74DA8-9557-45F9-8119-8AE3FED696E5}.Debug|x64.ActiveCfg = Debug|Any CPU
		{31A74DA8-9557-45F9-8119-8AE3FED696E5}.Debug|x64.Build.0 = Debug|Any CPU
		{31A74DA8-9557-45F9-8119-8AE3FED696E5}.Debug|x86.ActiveCfg = Debug|Any CPU
		{31A74DA8-9557-45F9-8119-8AE3FED696E5}.Debug|x86.Build.0 = Debug|Any CPU
		{31A74DA8-9557-45F9-8119-8AE3FED696E5}.Release|Any CPU.ActiveCfg = Release|Any CPU
		{31A74DA8-9557-45F9-8119-8AE3FED696E5}.Release|Any CPU.Build.0 = Release|Any CPU
		{31A74DA8-9557-45F9-8119-8AE3FED696E5}.Release|x64.ActiveCfg = Release|Any CPU
		{31A74DA8-9557-45F9-8119-8AE3FED696E5}.Release|x64.Build.0 = Release|Any CPU
		{31A74DA8-9557-45F9-8119-8AE3FED696E5}.Release|x86.ActiveCfg = Release|Any CPU
		{31A74DA8-9557-45F9-8119-8AE3FED696E5}.Release|x86.Build.0 = Release|Any CPU
		{75EC6C85-972E-4B88-90A1-12DFC951559A}.Debug|Any CPU.ActiveCfg = Debug|Any CPU
		{75EC6C85-972E-4B88-90A1-12DFC951559A}.Debug|Any CPU.Build.0 = Debug|Any CPU
		{75EC6C85-972E-4B88-90A1-12DFC951559A}.Debug|x64.ActiveCfg = Debug|Any CPU
		{75EC6C85-972E-4B88-90A1-12DFC951559A}.Debug|x64.Build.0 = Debug|Any CPU
		{75EC6C85-972E-4B88-90A1-12DFC951559A}.Debug|x86.ActiveCfg = Debug|Any CPU
		{75EC6C85-972E-4B88-90A1-12DFC951559A}.Debug|x86.Build.0 = Debug|Any CPU
		{75EC6C85-972E-4B88-90A1-12DFC951559A}.Release|Any CPU.ActiveCfg = Release|Any CPU
		{75EC6C85-972E-4B88-90A1-12DFC951559A}.Release|Any CPU.Build.0 = Release|Any CPU
		{75EC6C85-972E-4B88-90A1-12DFC951559A}.Release|x64.ActiveCfg = Release|Any CPU
		{75EC6C85-972E-4B88-90A1-12DFC951559A}.Release|x64.Build.0 = Release|Any CPU
		{75EC6C85-972E-4B88-90A1-12DFC951559A}.Release|x86.ActiveCfg = Release|Any CPU
		{75EC6C85-972E-4B88-90A1-12DFC951559A}.Release|x86.Build.0 = Release|Any CPU
		{8BE0CCF8-3A94-4257-AAA3-B71B70068FF1}.Debug|Any CPU.ActiveCfg = Debug|Any CPU
		{8BE0CCF8-3A94-4257-AAA3-B71B70068FF1}.Debug|Any CPU.Build.0 = Debug|Any CPU
		{8BE0CCF8-3A94-4257-AAA3-B71B70068FF1}.Debug|x64.ActiveCfg = Debug|Any CPU
		{8BE0CCF8-3A94-4257-AAA3-B71B70068FF1}.Debug|x64.Build.0 = Debug|Any CPU
		{8BE0CCF8-3A94-4257-AAA3-B71B70068FF1}.Debug|x86.ActiveCfg = Debug|Any CPU
		{8BE0CCF8-3A94-4257-AAA3-B71B70068FF1}.Debug|x86.Build.0 = Debug|Any CPU
		{8BE0CCF8-3A94-4257-AAA3-B71B70068FF1}.Release|Any CPU.ActiveCfg = Release|Any CPU
		{8BE0CCF8-3A94-4257-AAA3-B71B70068FF1}.Release|Any CPU.Build.0 = Release|Any CPU
		{8BE0CCF8-3A94-4257-AAA3-B71B70068FF1}.Release|x64.ActiveCfg = Release|Any CPU
		{8BE0CCF8-3A94-4257-AAA3-B71B70068FF1}.Release|x64.Build.0 = Release|Any CPU
		{8BE0CCF8-3A94-4257-AAA3-B71B70068FF1}.Release|x86.ActiveCfg = Release|Any CPU
		{8BE0CCF8-3A94-4257-AAA3-B71B70068FF1}.Release|x86.Build.0 = Release|Any CPU
	EndGlobalSection
	GlobalSection(SolutionProperties) = preSolution
		HideSolutionNode = FALSE
	EndGlobalSection
	GlobalSection(NestedProjects) = preSolution
		{B1F01D1C-0B80-49C9-8A62-3CA3E92BFE04} = {827E0CD3-B72D-47B6-A68D-7590B98EB39B}
		{31A74DA8-9557-45F9-8119-8AE3FED696E5} = {827E0CD3-B72D-47B6-A68D-7590B98EB39B}
		{26D9E760-CA24-5A1F-2ED1-7AA8A4546E6C} = {0AB3BF05-4346-4AA6-1389-037BE0695223}
		{75EC6C85-972E-4B88-90A1-12DFC951559A} = {26D9E760-CA24-5A1F-2ED1-7AA8A4546E6C}
		{F7B15532-B07F-DFC7-3580-AF42E208F3C5} = {0AB3BF05-4346-4AA6-1389-037BE0695223}
		{981A5EF3-13C1-16D1-DFDF-0499FE05E454} = {F7B15532-B07F-DFC7-3580-AF42E208F3C5}
		{8BE0CCF8-3A94-4257-AAA3-B71B70068FF1} = {981A5EF3-13C1-16D1-DFDF-0499FE05E454}
	EndGlobalSection
EndGlobal
